// !$*UTF8*$!
{
	archiveVersion = 1;
	classes = {
	};
	objectVersion = 60;
	objects = {

/* Begin PBXBuildFile section */
		0B2D74A32F4033CD00B52D14 /* FirebaseAuth in Frameworks */ = {isa = PBXBuildFile; productRef = 0B2D74A22F4033CD00B52D14 /* FirebaseAuth */; };
		0B2D74A52F4033CD00B52D14 /* FirebaseFirestore in Frameworks */ = {isa = PBXBuildFile; productRef = 0B2D74A42F4033CD00B52D14 /* FirebaseFirestore */; };
		0B2D74A82F40362200B52D14 /* GoogleSignIn in Frameworks */ = {isa = PBXBuildFile; productRef = 0B2D74A72F40362200B52D14 /* GoogleSignIn */; };
		0B2D74AA2F40362200B52D14 /* GoogleSignInSwift in Frameworks */ = {isa = PBXBuildFile; productRef = 0B2D74A92F40362200B52D14 /* GoogleSignInSwift */; };
		0B2D74B22F4056DE00B52D14 /* GoogleService-Info.plist in Resources */ = {isa = PBXBuildFile; fileRef = 0B2D74B12F4056DE00B52D14 /* GoogleService-Info.plist */; };
		0B2D74B42F40717A00B52D14 /* AddFinanceEntryView.swift in Sources */ = {isa = PBXBuildFile; fileRef = 0B2D74B32F40717200B52D14 /* AddFinanceEntryView.swift */; };
		0B2D74B62F4073AB00B52D14 /* FinanceEntryDraft.swift in Sources */ = {isa = PBXBuildFile; fileRef = 0B2D74B52F4073A800B52D14 /* FinanceEntryDraft.swift */; };
		0B2D74BC2F408B8A00B52D14 /* DesignSystem.swift in Sources */ = {isa = PBXBuildFile; fileRef = 0B2D74BB2F408B8100B52D14 /* DesignSystem.swift */; };
		0B2D74BE2F408BA300B52D14 /* FinanceTypeBadge.swift in Sources */ = {isa = PBXBuildFile; fileRef = 0B2D74BD2F408BA100B52D14 /* FinanceTypeBadge.swift */; };
		0B4379B52F40252B00A95976 /* FirebaseAuth in Frameworks */ = {isa = PBXBuildFile; productRef = 0B4379B42F40252B00A95976 /* FirebaseAuth */; };
		0BF9F97A2F383B3900E14DC7 /* SettingsView 2.swift in Sources */ = {isa = PBXBuildFile; fileRef = 0BF9F9792F383B3900E14DC7 /* SettingsView 2.swift */; };
		0BF9F97C2F383B6400E14DC7 /* EmptyState.swift in Sources */ = {isa = PBXBuildFile; fileRef = 0BF9F97B2F383B6400E14DC7 /* EmptyState.swift */; };
		0BF9F97E2F383BA400E14DC7 /* AppCard.swift in Sources */ = {isa = PBXBuildFile; fileRef = 0BF9F97D2F383BA400E14DC7 /* AppCard.swift */; };
		0BF9F9822F38583F00E14DC7 /* FinanceCategory.swift in Sources */ = {isa = PBXBuildFile; fileRef = 0BF9F9812F38583F00E14DC7 /* FinanceCategory.swift */; };
		0BF9F9842F38664500E14DC7 /* AudioPlayerManager.swift in Sources */ = {isa = PBXBuildFile; fileRef = 0BF9F9832F38664500E14DC7 /* AudioPlayerManager.swift */; };
		0BF9F9862F38666C00E14DC7 /* StatCard.swift in Sources */ = {isa = PBXBuildFile; fileRef = 0BF9F9852F38666C00E14DC7 /* StatCard.swift */; };
		0C5A1A252F4B200100AA0001 /* AppDataController.swift in Sources */ = {isa = PBXBuildFile; fileRef = 0C5A1A212F4B200100AA0001 /* AppDataController.swift */; };
		0C5A1A272F4B200100AA0001 /* AppSchema.swift in Sources */ = {isa = PBXBuildFile; fileRef = 0C5A1A282F4B200100AA0001 /* AppSchema.swift */; };
		1A0F10012F5B100100ABCD01 /* FinanceEntryRecord.swift in Sources */ = {isa = PBXBuildFile; fileRef = 1A0F10002F5B100100ABCD01 /* FinanceEntryRecord.swift */; };
		1A0F10032F5B100100ABCD01 /* FinanceRepository.swift in Sources */ = {isa = PBXBuildFile; fileRef = 1A0F10022F5B100100ABCD01 /* FinanceRepository.swift */; };
		1A0F10052F5B100100ABCD01 /* FinanceViewModel.swift in Sources */ = {isa = PBXBuildFile; fileRef = 1A0F10042F5B100100ABCD01 /* FinanceViewModel.swift */; };
		5F8A9B6D2B2C8A4E00A1A1A1 /* OnePlaceApp.swift in Sources */ = {isa = PBXBuildFile; fileRef = 5F8A9B6C2B2C8A4E00A1A1A1 /* OnePlaceApp.swift */; };
		5F8A9B6F2B2C8A4E00A1A1A1 /* FinanceEntry.swift in Sources */ = {isa = PBXBuildFile; fileRef = 5F8A9B6E2B2C8A4E00A1A1A1 /* FinanceEntry.swift */; };
		5F8A9B712B2C8A4E00A1A1A1 /* TaskItem.swift in Sources */ = {isa = PBXBuildFile; fileRef = 5F8A9B702B2C8A4E00A1A1A1 /* TaskItem.swift */; };
		5F8A9B732B2C8A4E00A1A1A1 /* SplitModels.swift in Sources */ = {isa = PBXBuildFile; fileRef = 5F8A9B722B2C8A4E00A1A1A1 /* SplitModels.swift */; };
		5F8A9B752B2C8A4E00A1A1A1 /* CommsCard.swift in Sources */ = {isa = PBXBuildFile; fileRef = 5F8A9B742B2C8A4E00A1A1A1 /* CommsCard.swift */; };
		5F8A9B772B2C8A4E00A1A1A1 /* FlowItem.swift in Sources */ = {isa = PBXBuildFile; fileRef = 5F8A9B762B2C8A4E00A1A1A1 /* FlowItem.swift */; };
		5F8A9B792B2C8A4E00A1A1A1 /* SampleData.swift in Sources */ = {isa = PBXBuildFile; fileRef = 5F8A9B782B2C8A4E00A1A1A1 /* SampleData.swift */; };
		5F8A9B7B2B2C8A4E00A1A1A1 /* AudioRecorder.swift in Sources */ = {isa = PBXBuildFile; fileRef = 5F8A9B7A2B2C8A4E00A1A1A1 /* AudioRecorder.swift */; };
		5F8A9B7D2B2C8A4E00A1A1A1 /* ImagePicker.swift in Sources */ = {isa = PBXBuildFile; fileRef = 5F8A9B7C2B2C8A4E00A1A1A1 /* ImagePicker.swift */; };
		5F8A9B7F2B2C8A4E00A1A1A1 /* RootTabView.swift in Sources */ = {isa = PBXBuildFile; fileRef = 5F8A9B7E2B2C8A4E00A1A1A1 /* RootTabView.swift */; };
		5F8A9B812B2C8A4E00A1A1A1 /* FinanceView.swift in Sources */ = {isa = PBXBuildFile; fileRef = 5F8A9B802B2C8A4E00A1A1A1 /* FinanceView.swift */; };
		5F8A9B832B2C8A4E00A1A1A1 /* FlowView.swift in Sources */ = {isa = PBXBuildFile; fileRef = 5F8A9B822B2C8A4E00A1A1A1 /* FlowView.swift */; };
		5F8A9B852B2C8A4E00A1A1A1 /* OrganizerView.swift in Sources */ = {isa = PBXBuildFile; fileRef = 5F8A9B842B2C8A4E00A1A1A1 /* OrganizerView.swift */; };
		5F8A9B872B2C8A4E00A1A1A1 /* SplitView.swift in Sources */ = {isa = PBXBuildFile; fileRef = 5F8A9B862B2C8A4E00A1A1A1 /* SplitView.swift */; };
		5F8A9B892B2C8A4E00A1A1A1 /* CommsView.swift in Sources */ = {isa = PBXBuildFile; fileRef = 5F8A9B882B2C8A4E00A1A1A1 /* CommsView.swift */; };
		5F8A9B8B2B2C8A4E00A1A1A1 /* HelpView.swift in Sources */ = {isa = PBXBuildFile; fileRef = 5F8A9B8A2B2C8A4E00A1A1A1 /* HelpView.swift */; };
		5F8A9B8D2B2C8A4E00A1A1A1 /* Assets.xcassets in Resources */ = {isa = PBXBuildFile; fileRef = 5F8A9B8C2B2C8A4E00A1A1A1 /* Assets.xcassets */; };
		A16060602F71000100000001 /* AppIcon60x60@3x.png in Resources */ = {isa = PBXBuildFile; fileRef = A16060602F71000100000002 /* AppIcon60x60@3x.png */; };
		A1B2C3D40000000000000001 /* AppUser.swift in Sources */ = {isa = PBXBuildFile; fileRef = A1B2C3D40000000000000002 /* AppUser.swift */; };
		A1B2C3D40000000000000003 /* AuthManager.swift in Sources */ = {isa = PBXBuildFile; fileRef = A1B2C3D40000000000000004 /* AuthManager.swift */; };
		A1B2C3D40000000000000005 /* LoginView.swift in Sources */ = {isa = PBXBuildFile; fileRef = A1B2C3D40000000000000006 /* LoginView.swift */; };
		B1C2D3E40000000000000001 /* FlowItemDraft.swift in Sources */ = {isa = PBXBuildFile; fileRef = B1C2D3E50000000000000001 /* FlowItemDraft.swift */; };
		B1C2D3E40000000000000002 /* TaskItemDraft.swift in Sources */ = {isa = PBXBuildFile; fileRef = B1C2D3E50000000000000002 /* TaskItemDraft.swift */; };
		B1C2D3E40000000000000003 /* SplitExpenseDraft.swift in Sources */ = {isa = PBXBuildFile; fileRef = B1C2D3E50000000000000003 /* SplitExpenseDraft.swift */; };
		B1C2D3E40000000000000004 /* CommsCardDraft.swift in Sources */ = {isa = PBXBuildFile; fileRef = B1C2D3E50000000000000004 /* CommsCardDraft.swift */; };
		B1C2D3E40000000000000005 /* FlowItemRecord.swift in Sources */ = {isa = PBXBuildFile; fileRef = B1C2D3E50000000000000005 /* FlowItemRecord.swift */; };
		B1C2D3E40000000000000006 /* TaskItemRecord.swift in Sources */ = {isa = PBXBuildFile; fileRef = B1C2D3E50000000000000006 /* TaskItemRecord.swift */; };
		B1C2D3E40000000000000007 /* SplitRecords.swift in Sources */ = {isa = PBXBuildFile; fileRef = B1C2D3E50000000000000007 /* SplitRecords.swift */; };
		B1C2D3E40000000000000008 /* CommsCardRecord.swift in Sources */ = {isa = PBXBuildFile; fileRef = B1C2D3E50000000000000008 /* CommsCardRecord.swift */; };
		B1C2D3E40000000000000009 /* FlowRepository.swift in Sources */ = {isa = PBXBuildFile; fileRef = B1C2D3E50000000000000009 /* FlowRepository.swift */; };
		B1C2D3E4000000000000000A /* TaskRepository.swift in Sources */ = {isa = PBXBuildFile; fileRef = B1C2D3E5000000000000000A /* TaskRepository.swift */; };
		B1C2D3E4000000000000000B /* SplitRepository.swift in Sources */ = {isa = PBXBuildFile; fileRef = B1C2D3E5000000000000000B /* SplitRepository.swift */; };
		B1C2D3E4000000000000000C /* CommsRepository.swift in Sources */ = {isa = PBXBuildFile; fileRef = B1C2D3E5000000000000000C /* CommsRepository.swift */; };
		B1C2D3E4000000000000000D /* FlowViewModel.swift in Sources */ = {isa = PBXBuildFile; fileRef = B1C2D3E5000000000000000D /* FlowViewModel.swift */; };
		B1C2D3E4000000000000000E /* OrganizerViewModel.swift in Sources */ = {isa = PBXBuildFile; fileRef = B1C2D3E5000000000000000E /* OrganizerViewModel.swift */; };
		B1C2D3E4000000000000000F /* SplitViewModel.swift in Sources */ = {isa = PBXBuildFile; fileRef = B1C2D3E5000000000000000F /* SplitViewModel.swift */; };
		B1C2D3E40000000000000010 /* CommsViewModel.swift in Sources */ = {isa = PBXBuildFile; fileRef = B1C2D3E50000000000000010 /* CommsViewModel.swift */; };
		B1C2D3E40000000000000011 /* ClaudeAIService.swift in Sources */ = {isa = PBXBuildFile; fileRef = B1C2D3E50000000000000011 /* ClaudeAIService.swift */; };
		B1C2D3E40000000000000012 /* ClaudeAIChatResponder.swift in Sources */ = {isa = PBXBuildFile; fileRef = B1C2D3E50000000000000012 /* ClaudeAIChatResponder.swift */; };
		CC0001AA2F5C100100LOGO01 /* OnePlaceLogo.swift in Sources */ = {isa = PBXBuildFile; fileRef = CC0001AB2F5C100100LOGO01 /* OnePlaceLogo.swift */; };
		D4E5F6002F6A000100AI0001 /* OnePlaceAICommandExecutor.swift in Sources */ = {isa = PBXBuildFile; fileRef = D4E5F6012F6A000100AI0001 /* OnePlaceAICommandExecutor.swift */; };
		E10000012F70000100000001 /* OnePlaceActivityAttributes.swift in Sources */ = {isa = PBXBuildFile; fileRef = E10001012F70000100000001 /* OnePlaceActivityAttributes.swift */; };
		E10000022F70000100000002 /* OnePlaceTaskCache.swift in Sources */ = {isa = PBXBuildFile; fileRef = E10001022F70000100000002 /* OnePlaceTaskCache.swift */; };
		E10000032F70000100000003 /* ToggleOnePlaceTaskIntent.swift in Sources */ = {isa = PBXBuildFile; fileRef = E10001032F70000100000003 /* ToggleOnePlaceTaskIntent.swift */; };
		E10000042F70000100000004 /* OnePlaceLiveActivityController.swift in Sources */ = {isa = PBXBuildFile; fileRef = E10001042F70000100000004 /* OnePlaceLiveActivityController.swift */; };
		E10000052F70000100000005 /* OnePlaceRemindersSync.swift in Sources */ = {isa = PBXBuildFile; fileRef = E10001052F70000100000005 /* OnePlaceRemindersSync.swift */; };
		E10000062F70000100000017 /* OnePlaceTaskSyncCoordinator.swift in Sources */ = {isa = PBXBuildFile; fileRef = E100010B2F7000010000000B /* OnePlaceTaskSyncCoordinator.swift */; };
		E10000112F70000100000011 /* OnePlaceActivityAttributes.swift in Sources */ = {isa = PBXBuildFile; fileRef = E10001012F70000100000001 /* OnePlaceActivityAttributes.swift */; };
		E10000122F70000100000012 /* OnePlaceTaskCache.swift in Sources */ = {isa = PBXBuildFile; fileRef = E10001022F70000100000002 /* OnePlaceTaskCache.swift */; };
		E10000132F70000100000013 /* ToggleOnePlaceTaskIntent.swift in Sources */ = {isa = PBXBuildFile; fileRef = E10001032F70000100000003 /* ToggleOnePlaceTaskIntent.swift */; };
		E10000142F70000100000014 /* OnePlaceWidgetBundle.swift in Sources */ = {isa = PBXBuildFile; fileRef = E10001072F70000100000007 /* OnePlaceWidgetBundle.swift */; };
		E10000152F70000100000015 /* OnePlaceLiveActivity.swift in Sources */ = {isa = PBXBuildFile; fileRef = E10001082F70000100000008 /* OnePlaceLiveActivity.swift */; };
		E10000162F70000100000016 /* OnePlaceWidget.appex in Embed App Extensions */ = {isa = PBXBuildFile; fileRef = E10001062F70000100000006 /* OnePlaceWidget.appex */; settings = {ATTRIBUTES = (RemoveHeadersOnCopy, ); }; };
/* End PBXBuildFile section */

/* Begin PBXContainerItemProxy section */
		E10005022F70000100000002 /* PBXContainerItemProxy */ = {
			isa = PBXContainerItemProxy;
			containerPortal = 5F8A9B542B2C8A4E00A1A1A1 /* Project object */;
			proxyType = 1;
			remoteGlobalIDString = E10004012F70000100000001;
			remoteInfo = OnePlaceWidget;
		};
/* End PBXContainerItemProxy section */

/* Begin PBXCopyFilesBuildPhase section */
		E10003042F70000100000004 /* Embed App Extensions */ = {
			isa = PBXCopyFilesBuildPhase;
			buildActionMask = 2147483647;
			dstPath = "";
			dstSubfolderSpec = 13;
			files = (
				E10000162F70000100000016 /* OnePlaceWidget.appex in Embed App Extensions */,
			);
			name = "Embed App Extensions";
			runOnlyForDeploymentPostprocessing = 0;
		};
/* End PBXCopyFilesBuildPhase section */

/* Begin PBXFileReference section */
		0B2D74B12F4056DE00B52D14 /* GoogleService-Info.plist */ = {isa = PBXFileReference; lastKnownFileType = text.plist.xml; path = "GoogleService-Info.plist"; sourceTree = "<group>"; };
		0B2D74B32F40717200B52D14 /* AddFinanceEntryView.swift */ = {isa = PBXFileReference; lastKnownFileType = sourcecode.swift; path = AddFinanceEntryView.swift; sourceTree = "<group>"; };
		0B2D74B52F4073A800B52D14 /* FinanceEntryDraft.swift */ = {isa = PBXFileReference; lastKnownFileType = sourcecode.swift; path = FinanceEntryDraft.swift; sourceTree = "<group>"; };
		0B2D74BB2F408B8100B52D14 /* DesignSystem.swift */ = {isa = PBXFileReference; lastKnownFileType = sourcecode.swift; path = DesignSystem.swift; sourceTree = "<group>"; };
		0B2D74BD2F408BA100B52D14 /* FinanceTypeBadge.swift */ = {isa = PBXFileReference; lastKnownFileType = sourcecode.swift; path = FinanceTypeBadge.swift; sourceTree = "<group>"; };
		0BF9F9792F383B3900E14DC7 /* SettingsView 2.swift */ = {isa = PBXFileReference; lastKnownFileType = sourcecode.swift; path = "SettingsView 2.swift"; sourceTree = "<group>"; };
		0BF9F97B2F383B6400E14DC7 /* EmptyState.swift */ = {isa = PBXFileReference; lastKnownFileType = sourcecode.swift; path = EmptyState.swift; sourceTree = "<group>"; };
		0BF9F97D2F383BA400E14DC7 /* AppCard.swift */ = {isa = PBXFileReference; lastKnownFileType = sourcecode.swift; path = AppCard.swift; sourceTree = "<group>"; };
		0BF9F9812F38583F00E14DC7 /* FinanceCategory.swift */ = {isa = PBXFileReference; lastKnownFileType = sourcecode.swift; path = FinanceCategory.swift; sourceTree = "<group>"; };
		0BF9F9832F38664500E14DC7 /* AudioPlayerManager.swift */ = {isa = PBXFileReference; lastKnownFileType = sourcecode.swift; path = AudioPlayerManager.swift; sourceTree = "<group>"; };
		0BF9F9852F38666C00E14DC7 /* StatCard.swift */ = {isa = PBXFileReference; lastKnownFileType = sourcecode.swift; path = StatCard.swift; sourceTree = "<group>"; };
		0C5A1A212F4B200100AA0001 /* AppDataController.swift */ = {isa = PBXFileReference; lastKnownFileType = sourcecode.swift; path = AppDataController.swift; sourceTree = "<group>"; };
		0C5A1A232F4B200100AA0001 /* OnePlace.entitlements */ = {isa = PBXFileReference; lastKnownFileType = text.plist.entitlements; path = OnePlace.entitlements; sourceTree = "<group>"; };
		0C5A1A282F4B200100AA0001 /* AppSchema.swift */ = {isa = PBXFileReference; lastKnownFileType = sourcecode.swift; path = AppSchema.swift; sourceTree = "<group>"; };
		1A0F10002F5B100100ABCD01 /* FinanceEntryRecord.swift */ = {isa = PBXFileReference; lastKnownFileType = sourcecode.swift; path = FinanceEntryRecord.swift; sourceTree = "<group>"; };
		1A0F10022F5B100100ABCD01 /* FinanceRepository.swift */ = {isa = PBXFileReference; lastKnownFileType = sourcecode.swift; path = FinanceRepository.swift; sourceTree = "<group>"; };
		1A0F10042F5B100100ABCD01 /* FinanceViewModel.swift */ = {isa = PBXFileReference; lastKnownFileType = sourcecode.swift; path = FinanceViewModel.swift; sourceTree = "<group>"; };
		5F8A9B5F2B2C8A4E00A1A1A1 /* OnePlace.app */ = {isa = PBXFileReference; explicitFileType = wrapper.application; path = OnePlace.app; sourceTree = BUILT_PRODUCTS_DIR; };
		5F8A9B6C2B2C8A4E00A1A1A1 /* OnePlaceApp.swift */ = {isa = PBXFileReference; lastKnownFileType = sourcecode.swift; path = OnePlaceApp.swift; sourceTree = "<group>"; };
		5F8A9B6E2B2C8A4E00A1A1A1 /* FinanceEntry.swift */ = {isa = PBXFileReference; lastKnownFileType = sourcecode.swift; path = FinanceEntry.swift; sourceTree = "<group>"; };
		5F8A9B702B2C8A4E00A1A1A1 /* TaskItem.swift */ = {isa = PBXFileReference; lastKnownFileType = sourcecode.swift; path = TaskItem.swift; sourceTree = "<group>"; };
		5F8A9B722B2C8A4E00A1A1A1 /* SplitModels.swift */ = {isa = PBXFileReference; lastKnownFileType = sourcecode.swift; path = SplitModels.swift; sourceTree = "<group>"; };
		5F8A9B742B2C8A4E00A1A1A1 /* CommsCard.swift */ = {isa = PBXFileReference; lastKnownFileType = sourcecode.swift; path = CommsCard.swift; sourceTree = "<group>"; };
		5F8A9B762B2C8A4E00A1A1A1 /* FlowItem.swift */ = {isa = PBXFileReference; lastKnownFileType = sourcecode.swift; path = FlowItem.swift; sourceTree = "<group>"; };
		5F8A9B782B2C8A4E00A1A1A1 /* SampleData.swift */ = {isa = PBXFileReference; lastKnownFileType = sourcecode.swift; path = SampleData.swift; sourceTree = "<group>"; };
		5F8A9B7A2B2C8A4E00A1A1A1 /* AudioRecorder.swift */ = {isa = PBXFileReference; lastKnownFileType = sourcecode.swift; path = AudioRecorder.swift; sourceTree = "<group>"; };
		5F8A9B7C2B2C8A4E00A1A1A1 /* ImagePicker.swift */ = {isa = PBXFileReference; lastKnownFileType = sourcecode.swift; path = ImagePicker.swift; sourceTree = "<group>"; };
		5F8A9B7E2B2C8A4E00A1A1A1 /* RootTabView.swift */ = {isa = PBXFileReference; lastKnownFileType = sourcecode.swift; path = RootTabView.swift; sourceTree = "<group>"; };
		5F8A9B802B2C8A4E00A1A1A1 /* FinanceView.swift */ = {isa = PBXFileReference; lastKnownFileType = sourcecode.swift; path = FinanceView.swift; sourceTree = "<group>"; };
		5F8A9B822B2C8A4E00A1A1A1 /* FlowView.swift */ = {isa = PBXFileReference; lastKnownFileType = sourcecode.swift; path = FlowView.swift; sourceTree = "<group>"; };
		5F8A9B842B2C8A4E00A1A1A1 /* OrganizerView.swift */ = {isa = PBXFileReference; lastKnownFileType = sourcecode.swift; path = OrganizerView.swift; sourceTree = "<group>"; };
		5F8A9B862B2C8A4E00A1A1A1 /* SplitView.swift */ = {isa = PBXFileReference; lastKnownFileType = sourcecode.swift; path = SplitView.swift; sourceTree = "<group>"; };
		5F8A9B882B2C8A4E00A1A1A1 /* CommsView.swift */ = {isa = PBXFileReference; lastKnownFileType = sourcecode.swift; path = CommsView.swift; sourceTree = "<group>"; };
		5F8A9B8A2B2C8A4E00A1A1A1 /* HelpView.swift */ = {isa = PBXFileReference; lastKnownFileType = sourcecode.swift; path = HelpView.swift; sourceTree = "<group>"; };
		5F8A9B8C2B2C8A4E00A1A1A1 /* Assets.xcassets */ = {isa = PBXFileReference; lastKnownFileType = folder.assetcatalog; path = Assets.xcassets; sourceTree = "<group>"; };
		5F8A9B8E2B2C8A4E00A1A1A1 /* Info.plist */ = {isa = PBXFileReference; lastKnownFileType = text.plist.xml; path = Info.plist; sourceTree = "<group>"; };
		A16060602F71000100000002 /* AppIcon60x60@3x.png */ = {isa = PBXFileReference; lastKnownFileType = image.png; path = "AppIcon60x60@3x.png"; sourceTree = "<group>"; };
		A1B2C3D40000000000000002 /* AppUser.swift */ = {isa = PBXFileReference; lastKnownFileType = sourcecode.swift; path = AppUser.swift; sourceTree = "<group>"; };
		A1B2C3D40000000000000004 /* AuthManager.swift */ = {isa = PBXFileReference; lastKnownFileType = sourcecode.swift; path = AuthManager.swift; sourceTree = "<group>"; };
		A1B2C3D40000000000000006 /* LoginView.swift */ = {isa = PBXFileReference; lastKnownFileType = sourcecode.swift; path = LoginView.swift; sourceTree = "<group>"; };
		B1C2D3E50000000000000001 /* FlowItemDraft.swift */ = {isa = PBXFileReference; lastKnownFileType = sourcecode.swift; path = FlowItemDraft.swift; sourceTree = "<group>"; };
		B1C2D3E50000000000000002 /* TaskItemDraft.swift */ = {isa = PBXFileReference; lastKnownFileType = sourcecode.swift; path = TaskItemDraft.swift; sourceTree = "<group>"; };
		B1C2D3E50000000000000003 /* SplitExpenseDraft.swift */ = {isa = PBXFileReference; lastKnownFileType = sourcecode.swift; path = SplitExpenseDraft.swift; sourceTree = "<group>"; };
		B1C2D3E50000000000000004 /* CommsCardDraft.swift */ = {isa = PBXFileReference; lastKnownFileType = sourcecode.swift; path = CommsCardDraft.swift; sourceTree = "<group>"; };
		B1C2D3E50000000000000005 /* FlowItemRecord.swift */ = {isa = PBXFileReference; lastKnownFileType = sourcecode.swift; path = FlowItemRecord.swift; sourceTree = "<group>"; };
		B1C2D3E50000000000000006 /* TaskItemRecord.swift */ = {isa = PBXFileReference; lastKnownFileType = sourcecode.swift; path = TaskItemRecord.swift; sourceTree = "<group>"; };
		B1C2D3E50000000000000007 /* SplitRecords.swift */ = {isa = PBXFileReference; lastKnownFileType = sourcecode.swift; path = SplitRecords.swift; sourceTree = "<group>"; };
		B1C2D3E50000000000000008 /* CommsCardRecord.swift */ = {isa = PBXFileReference; lastKnownFileType = sourcecode.swift; path = CommsCardRecord.swift; sourceTree = "<group>"; };
		B1C2D3E50000000000000009 /* FlowRepository.swift */ = {isa = PBXFileReference; lastKnownFileType = sourcecode.swift; path = FlowRepository.swift; sourceTree = "<group>"; };
		B1C2D3E5000000000000000A /* TaskRepository.swift */ = {isa = PBXFileReference; lastKnownFileType = sourcecode.swift; path = TaskRepository.swift; sourceTree = "<group>"; };
		B1C2D3E5000000000000000B /* SplitRepository.swift */ = {isa = PBXFileReference; lastKnownFileType = sourcecode.swift; path = SplitRepository.swift; sourceTree = "<group>"; };
		B1C2D3E5000000000000000C /* CommsRepository.swift */ = {isa = PBXFileReference; lastKnownFileType = sourcecode.swift; path = CommsRepository.swift; sourceTree = "<group>"; };
		B1C2D3E5000000000000000D /* FlowViewModel.swift */ = {isa = PBXFileReference; lastKnownFileType = sourcecode.swift; path = FlowViewModel.swift; sourceTree = "<group>"; };
		B1C2D3E5000000000000000E /* OrganizerViewModel.swift */ = {isa = PBXFileReference; lastKnownFileType = sourcecode.swift; path = OrganizerViewModel.swift; sourceTree = "<group>"; };
		B1C2D3E5000000000000000F /* SplitViewModel.swift */ = {isa = PBXFileReference; lastKnownFileType = sourcecode.swift; path = SplitViewModel.swift; sourceTree = "<group>"; };
		B1C2D3E50000000000000010 /* CommsViewModel.swift */ = {isa = PBXFileReference; lastKnownFileType = sourcecode.swift; path = CommsViewModel.swift; sourceTree = "<group>"; };
		B1C2D3E50000000000000011 /* ClaudeAIService.swift */ = {isa = PBXFileReference; lastKnownFileType = sourcecode.swift; path = ClaudeAIService.swift; sourceTree = "<group>"; };
		B1C2D3E50000000000000012 /* ClaudeAIChatResponder.swift */ = {isa = PBXFileReference; lastKnownFileType = sourcecode.swift; path = ClaudeAIChatResponder.swift; sourceTree = "<group>"; };
		C0A1B2C32F50000100AA0001 /* OnePlace.xcconfig */ = {isa = PBXFileReference; lastKnownFileType = text.xcconfig; path = OnePlace.xcconfig; sourceTree = "<group>"; };
		CC0001AB2F5C100100LOGO01 /* OnePlaceLogo.swift */ = {isa = PBXFileReference; lastKnownFileType = sourcecode.swift; path = OnePlaceLogo.swift; sourceTree = "<group>"; };
		D4E5F6012F6A000100AI0001 /* OnePlaceAICommandExecutor.swift */ = {isa = PBXFileReference; lastKnownFileType = sourcecode.swift; path = OnePlaceAICommandExecutor.swift; sourceTree = "<group>"; };
		E10001012F70000100000001 /* OnePlaceActivityAttributes.swift */ = {isa = PBXFileReference; lastKnownFileType = sourcecode.swift; path = OnePlaceActivityAttributes.swift; sourceTree = "<group>"; };
		E10001022F70000100000002 /* OnePlaceTaskCache.swift */ = {isa = PBXFileReference; lastKnownFileType = sourcecode.swift; path = OnePlaceTaskCache.swift; sourceTree = "<group>"; };
		E10001032F70000100000003 /* ToggleOnePlaceTaskIntent.swift */ = {isa = PBXFileReference; lastKnownFileType = sourcecode.swift; path = ToggleOnePlaceTaskIntent.swift; sourceTree = "<group>"; };
		E10001042F70000100000004 /* OnePlaceLiveActivityController.swift */ = {isa = PBXFileReference; lastKnownFileType = sourcecode.swift; path = OnePlaceLiveActivityController.swift; sourceTree = "<group>"; };
		E10001052F70000100000005 /* OnePlaceRemindersSync.swift */ = {isa = PBXFileReference; lastKnownFileType = sourcecode.swift; path = OnePlaceRemindersSync.swift; sourceTree = "<group>"; };
		E10001062F70000100000006 /* OnePlaceWidget.appex */ = {isa = PBXFileReference; explicitFileType = "wrapper.app-extension"; includeInIndex = 0; path = OnePlaceWidget.appex; sourceTree = BUILT_PRODUCTS_DIR; };
		E10001072F70000100000007 /* OnePlaceWidgetBundle.swift */ = {isa = PBXFileReference; lastKnownFileType = sourcecode.swift; path = OnePlaceWidgetBundle.swift; sourceTree = "<group>"; };
		E10001082F70000100000008 /* OnePlaceLiveActivity.swift */ = {isa = PBXFileReference; lastKnownFileType = sourcecode.swift; path = OnePlaceLiveActivity.swift; sourceTree = "<group>"; };
		E10001092F70000100000009 /* Info.plist */ = {isa = PBXFileReference; lastKnownFileType = text.plist.xml; path = Info.plist; sourceTree = "<group>"; };
		E100010A2F7000010000000A /* OnePlaceWidget.entitlements */ = {isa = PBXFileReference; lastKnownFileType = text.plist.entitlements; path = OnePlaceWidget.entitlements; sourceTree = "<group>"; };
		E100010B2F7000010000000B /* OnePlaceTaskSyncCoordinator.swift */ = {isa = PBXFileReference; lastKnownFileType = sourcecode.swift; path = OnePlaceTaskSyncCoordinator.swift; sourceTree = "<group>"; };
/* End PBXFileReference section */

/* Begin PBXFrameworksBuildPhase section */
		5F8A9B5C2B2C8A4E00A1A1A1 /* Frameworks */ = {
			isa = PBXFrameworksBuildPhase;
			buildActionMask = 2147483647;
			files = (
				0B2D74AA2F40362200B52D14 /* GoogleSignInSwift in Frameworks */,
				0B4379B52F40252B00A95976 /* FirebaseAuth in Frameworks */,
				0B2D74A82F40362200B52D14 /* GoogleSignIn in Frameworks */,
				0B2D74A32F4033CD00B52D14 /* FirebaseAuth in Frameworks */,
				0B2D74A52F4033CD00B52D14 /* FirebaseFirestore in Frameworks */,
			);
			runOnlyForDeploymentPostprocessing = 0;
		};
		E10003022F70000100000002 /* Frameworks */ = {
			isa = PBXFrameworksBuildPhase;
			buildActionMask = 2147483647;
			files = (
			);
			runOnlyForDeploymentPostprocessing = 0;
		};
/* End PBXFrameworksBuildPhase section */

/* Begin PBXGroup section */
		0B2D74B92F408B2E00B52D14 /* Components */ = {
			isa = PBXGroup;
			children = (
				0B2D74BD2F408BA100B52D14 /* FinanceTypeBadge.swift */,
			);
			path = Components;
			sourceTree = "<group>";
		};
		0B2D74BA2F408B4800B52D14 /* Design */ = {
			isa = PBXGroup;
			children = (
				0B2D74BB2F408B8100B52D14 /* DesignSystem.swift */,
			);
			path = Design;
			sourceTree = "<group>";
		};
		1A0F10062F5B100100ABCD01 /* Firestore */ = {
			isa = PBXGroup;
			children = (
				1A0F10002F5B100100ABCD01 /* FinanceEntryRecord.swift */,
				B1C2D3E50000000000000005 /* FlowItemRecord.swift */,
				B1C2D3E50000000000000006 /* TaskItemRecord.swift */,
				B1C2D3E50000000000000007 /* SplitRecords.swift */,
				B1C2D3E50000000000000008 /* CommsCardRecord.swift */,
			);
			path = Firestore;
			sourceTree = "<group>";
		};
		1A0F10072F5B100100ABCD01 /* Repositories */ = {
			isa = PBXGroup;
			children = (
				1A0F10022F5B100100ABCD01 /* FinanceRepository.swift */,
				B1C2D3E50000000000000009 /* FlowRepository.swift */,
				B1C2D3E5000000000000000A /* TaskRepository.swift */,
				B1C2D3E5000000000000000B /* SplitRepository.swift */,
				B1C2D3E5000000000000000C /* CommsRepository.swift */,
			);
			path = Repositories;
			sourceTree = "<group>";
		};
		5F8A9B532B2C8A4E00A1A1A1 = {
			isa = PBXGroup;
			children = (
				5F8A9B612B2C8A4E00A1A1A1 /* OnePlace */,
				E10002042F70000100000004 /* OnePlaceWidget */,
				5F8A9B602B2C8A4E00A1A1A1,
			);
			sourceTree = "<group>";
		};
		5F8A9B602B2C8A4E00A1A1A1 = {
			isa = PBXGroup;
			children = (
				5F8A9B5F2B2C8A4E00A1A1A1 /* OnePlace.app */,
				E10001062F70000100000006 /* OnePlaceWidget.appex */,
			);
			sourceTree = "<group>";
		};
		5F8A9B612B2C8A4E00A1A1A1 /* OnePlace */ = {
			isa = PBXGroup;
			children = (
				5F8A9B6C2B2C8A4E00A1A1A1 /* OnePlaceApp.swift */,
				0C5A1A232F4B200100AA0001 /* OnePlace.entitlements */,
				5F8A9B8E2B2C8A4E00A1A1A1 /* Info.plist */,
				0B2D74BA2F408B4800B52D14 /* Design */,
				C0A1B2C32F50000100AA0002 /* Config */,
				E10002012F70000100000001 /* Shared */,
				0B2D74B92F408B2E00B52D14 /* Components */,
				5F8A9B622B2C8A4E00A1A1A1 /* Models */,
				5F8A9B632B2C8A4E00A1A1A1 /* Views */,
				1A0F10072F5B100100ABCD01 /* Repositories */,
				5F8A9B642B2C8A4E00A1A1A1 /* Services */,
				5F8A9B652B2C8A4E00A1A1A1 /* Resources */,
				0B2D74B12F4056DE00B52D14 /* GoogleService-Info.plist */,
			);
			path = OnePlace;
			sourceTree = "<group>";
		};
		5F8A9B622B2C8A4E00A1A1A1 /* Models */ = {
			isa = PBXGroup;
			children = (
				0B2D74B52F4073A800B52D14 /* FinanceEntryDraft.swift */,
				B1C2D3E50000000000000001 /* FlowItemDraft.swift */,
				B1C2D3E50000000000000002 /* TaskItemDraft.swift */,
				B1C2D3E50000000000000003 /* SplitExpenseDraft.swift */,
				B1C2D3E50000000000000004 /* CommsCardDraft.swift */,
				1A0F10062F5B100100ABCD01 /* Firestore */,
				5F8A9B6E2B2C8A4E00A1A1A1 /* FinanceEntry.swift */,
				5F8A9B702B2C8A4E00A1A1A1 /* TaskItem.swift */,
				5F8A9B722B2C8A4E00A1A1A1 /* SplitModels.swift */,
				5F8A9B742B2C8A4E00A1A1A1 /* CommsCard.swift */,
				5F8A9B762B2C8A4E00A1A1A1 /* FlowItem.swift */,
				A1B2C3D40000000000000002 /* AppUser.swift */,
			);
			path = Models;
			sourceTree = "<group>";
		};
		5F8A9B632B2C8A4E00A1A1A1 /* Views */ = {
			isa = PBXGroup;
			children = (
				0B2D74B32F40717200B52D14 /* AddFinanceEntryView.swift */,
				5F8A9B7E2B2C8A4E00A1A1A1 /* RootTabView.swift */,
				5F8A9B802B2C8A4E00A1A1A1 /* FinanceView.swift */,
				1A0F10042F5B100100ABCD01 /* FinanceViewModel.swift */,
				B1C2D3E5000000000000000D /* FlowViewModel.swift */,
				5F8A9B822B2C8A4E00A1A1A1 /* FlowView.swift */,
				5F8A9B842B2C8A4E00A1A1A1 /* OrganizerView.swift */,
				5F8A9B862B2C8A4E00A1A1A1 /* SplitView.swift */,
				5F8A9B882B2C8A4E00A1A1A1 /* CommsView.swift */,
				5F8A9B8A2B2C8A4E00A1A1A1 /* HelpView.swift */,
				0BF9F9792F383B3900E14DC7 /* SettingsView 2.swift */,
				0BF9F97B2F383B6400E14DC7 /* EmptyState.swift */,
				0BF9F97D2F383BA400E14DC7 /* AppCard.swift */,
				0BF9F9812F38583F00E14DC7 /* FinanceCategory.swift */,
				0BF9F9832F38664500E14DC7 /* AudioPlayerManager.swift */,
				0BF9F9852F38666C00E14DC7 /* StatCard.swift */,
				A1B2C3D40000000000000006 /* LoginView.swift */,
				CC0001AB2F5C100100LOGO01 /* OnePlaceLogo.swift */,
				B1C2D3E50000000000000012 /* ClaudeAIChatResponder.swift */,
				D4E5F6012F6A000100AI0001 /* OnePlaceAICommandExecutor.swift */,
			);
			path = Views;
			sourceTree = "<group>";
		};
		5F8A9B642B2C8A4E00A1A1A1 /* Services */ = {
			isa = PBXGroup;
			children = (
				0C5A1A282F4B200100AA0001 /* AppSchema.swift */,
				0C5A1A212F4B200100AA0001 /* AppDataController.swift */,
				E10002022F70000100000002 /* LiveActivity */,
				E10002032F70000100000003 /* Sync */,
				5F8A9B782B2C8A4E00A1A1A1 /* SampleData.swift */,
				5F8A9B7A2B2C8A4E00A1A1A1 /* AudioRecorder.swift */,
				5F8A9B7C2B2C8A4E00A1A1A1 /* ImagePicker.swift */,
				A1B2C3D40000000000000004 /* AuthManager.swift */,
				B1C2D3E5000000000000000E /* OrganizerViewModel.swift */,
				B1C2D3E5000000000000000F /* SplitViewModel.swift */,
				B1C2D3E50000000000000010 /* CommsViewModel.swift */,
				B1C2D3E50000000000000011 /* ClaudeAIService.swift */,
			);
			path = Services;
			sourceTree = "<group>";
		};
		5F8A9B652B2C8A4E00A1A1A1 /* Resources */ = {
			isa = PBXGroup;
			children = (
				5F8A9B8C2B2C8A4E00A1A1A1 /* Assets.xcassets */,
				A16060602F71000100000002 /* AppIcon60x60@3x.png */,
			);
			path = Resources;
			sourceTree = "<group>";
		};
		C0A1B2C32F50000100AA0002 /* Config */ = {
			isa = PBXGroup;
			children = (
				C0A1B2C32F50000100AA0001 /* OnePlace.xcconfig */,
			);
			path = Config;
			sourceTree = "<group>";
		};
		E10002012F70000100000001 /* Shared */ = {
			isa = PBXGroup;
			children = (
				E10001012F70000100000001 /* OnePlaceActivityAttributes.swift */,
				E10001022F70000100000002 /* OnePlaceTaskCache.swift */,
				E10001032F70000100000003 /* ToggleOnePlaceTaskIntent.swift */,
			);
			path = Shared;
			sourceTree = "<group>";
		};
		E10002022F70000100000002 /* LiveActivity */ = {
			isa = PBXGroup;
			children = (
				E10001042F70000100000004 /* OnePlaceLiveActivityController.swift */,
			);
			path = LiveActivity;
			sourceTree = "<group>";
		};
		E10002032F70000100000003 /* Sync */ = {
			isa = PBXGroup;
			children = (
				E10001052F70000100000005 /* OnePlaceRemindersSync.swift */,
				E100010B2F7000010000000B /* OnePlaceTaskSyncCoordinator.swift */,
			);
			path = Sync;
			sourceTree = "<group>";
		};
		E10002042F70000100000004 /* OnePlaceWidget */ = {
			isa = PBXGroup;
			children = (
				E10002052F70000100000005 /* Sources */,
				E10002062F70000100000006 /* Resources */,
			);
			path = OnePlaceWidget;
			sourceTree = "<group>";
		};
		E10002052F70000100000005 /* Sources */ = {
			isa = PBXGroup;
			children = (
				E10001072F70000100000007 /* OnePlaceWidgetBundle.swift */,
				E10001082F70000100000008 /* OnePlaceLiveActivity.swift */,
			);
			path = Sources;
			sourceTree = "<group>";
		};
		E10002062F70000100000006 /* Resources */ = {
			isa = PBXGroup;
			children = (
				E10001092F70000100000009 /* Info.plist */,
				E100010A2F7000010000000A /* OnePlaceWidget.entitlements */,
			);
			path = Resources;
			sourceTree = "<group>";
		};
/* End PBXGroup section */

/* Begin PBXNativeTarget section */
		5F8A9B5E2B2C8A4E00A1A1A1 /* OnePlace */ = {
			isa = PBXNativeTarget;
			buildConfigurationList = 5F8A9B9A2B2C8A4E00A1A1A1 /* Build configuration list for PBXNativeTarget "OnePlace" */;
			buildPhases = (
				5F8A9B5B2B2C8A4E00A1A1A1 /* Sources */,
				5F8A9B5C2B2C8A4E00A1A1A1 /* Frameworks */,
				5F8A9B5D2B2C8A4E00A1A1A1 /* Resources */,
				E10003042F70000100000004 /* Embed App Extensions */,
			);
			buildRules = (
			);
			dependencies = (
				E10005012F70000100000001 /* PBXTargetDependency */,
			);
			name = OnePlace;
			productName = OnePlace;
			productReference = 5F8A9B5F2B2C8A4E00A1A1A1 /* OnePlace.app */;
			productType = "com.apple.product-type.application";
		};
		E10004012F70000100000001 /* OnePlaceWidget */ = {
			isa = PBXNativeTarget;
			buildConfigurationList = E10006032F70000100000003 /* Build configuration list for PBXNativeTarget "OnePlaceWidget" */;
			buildPhases = (
				E10003012F70000100000001 /* Sources */,
				E10003022F70000100000002 /* Frameworks */,
				E10003032F70000100000003 /* Resources */,
			);
			buildRules = (
			);
			dependencies = (
			);
			name = OnePlaceWidget;
			productName = OnePlaceWidget;
			productReference = E10001062F70000100000006 /* OnePlaceWidget.appex */;
			productType = "com.apple.product-type.app-extension";
		};
/* End PBXNativeTarget section */

/* Begin PBXProject section */
		5F8A9B542B2C8A4E00A1A1A1 /* Project object */ = {
			isa = PBXProject;
			attributes = {
				BuildIndependentTargetsInParallel = 1;
				LastSwiftUpdateCheck = 1500;
				LastUpgradeCheck = 2620;
				TargetAttributes = {
					5F8A9B5E2B2C8A4E00A1A1A1 = {
						CreatedOnToolsVersion = 15.0;
					};
					E10004012F70000100000001 = {
						CreatedOnToolsVersion = 15.0;
					};
				};
			};
			buildConfigurationList = 5F8A9B572B2C8A4E00A1A1A1 /* Build configuration list for PBXProject "OnePlace" */;
			compatibilityVersion = "Xcode 15.0";
			developmentRegion = en;
			hasScannedForEncodings = 0;
			knownRegions = (
				en,
			);
			mainGroup = 5F8A9B532B2C8A4E00A1A1A1;
			packageReferences = (
				0B2D74A12F4033CD00B52D14 /* XCRemoteSwiftPackageReference "firebase-ios-sdk" */,
				0B2D74A62F40362200B52D14 /* XCRemoteSwiftPackageReference "GoogleSignIn-iOS" */,
			);
			productRefGroup = 5F8A9B602B2C8A4E00A1A1A1;
			projectDirPath = "";
			projectRoot = "";
			targets = (
				5F8A9B5E2B2C8A4E00A1A1A1 /* OnePlace */,
				E10004012F70000100000001 /* OnePlaceWidget */,
			);
		};
/* End PBXProject section */

/* Begin PBXResourcesBuildPhase section */
		5F8A9B5D2B2C8A4E00A1A1A1 /* Resources */ = {
			isa = PBXResourcesBuildPhase;
			buildActionMask = 2147483647;
			files = (
				5F8A9B8D2B2C8A4E00A1A1A1 /* Assets.xcassets in Resources */,
				A16060602F71000100000001 /* AppIcon60x60@3x.png in Resources */,
				0B2D74B22F4056DE00B52D14 /* GoogleService-Info.plist in Resources */,
			);
			runOnlyForDeploymentPostprocessing = 0;
		};
		E10003032F70000100000003 /* Resources */ = {
			isa = PBXResourcesBuildPhase;
			buildActionMask = 2147483647;
			files = (
			);
			runOnlyForDeploymentPostprocessing = 0;
		};
/* End PBXResourcesBuildPhase section */

/* Begin PBXSourcesBuildPhase section */
		5F8A9B5B2B2C8A4E00A1A1A1 /* Sources */ = {
			isa = PBXSourcesBuildPhase;
			buildActionMask = 2147483647;
			files = (
				1A0F10012F5B100100ABCD01 /* FinanceEntryRecord.swift in Sources */,
				1A0F10032F5B100100ABCD01 /* FinanceRepository.swift in Sources */,
				1A0F10052F5B100100ABCD01 /* FinanceViewModel.swift in Sources */,
				B1C2D3E40000000000000001 /* FlowItemDraft.swift in Sources */,
				B1C2D3E40000000000000002 /* TaskItemDraft.swift in Sources */,
				B1C2D3E40000000000000003 /* SplitExpenseDraft.swift in Sources */,
				B1C2D3E40000000000000004 /* CommsCardDraft.swift in Sources */,
				B1C2D3E40000000000000005 /* FlowItemRecord.swift in Sources */,
				B1C2D3E40000000000000006 /* TaskItemRecord.swift in Sources */,
				B1C2D3E40000000000000007 /* SplitRecords.swift in Sources */,
				B1C2D3E40000000000000008 /* CommsCardRecord.swift in Sources */,
				B1C2D3E40000000000000009 /* FlowRepository.swift in Sources */,
				B1C2D3E4000000000000000A /* TaskRepository.swift in Sources */,
				B1C2D3E4000000000000000B /* SplitRepository.swift in Sources */,
				B1C2D3E4000000000000000C /* CommsRepository.swift in Sources */,
				B1C2D3E4000000000000000D /* FlowViewModel.swift in Sources */,
				B1C2D3E4000000000000000E /* OrganizerViewModel.swift in Sources */,
				B1C2D3E4000000000000000F /* SplitViewModel.swift in Sources */,
				B1C2D3E40000000000000010 /* CommsViewModel.swift in Sources */,
				E10000012F70000100000001 /* OnePlaceActivityAttributes.swift in Sources */,
				E10000022F70000100000002 /* OnePlaceTaskCache.swift in Sources */,
				E10000032F70000100000003 /* ToggleOnePlaceTaskIntent.swift in Sources */,
				E10000042F70000100000004 /* OnePlaceLiveActivityController.swift in Sources */,
				E10000052F70000100000005 /* OnePlaceRemindersSync.swift in Sources */,
				E10000062F70000100000017 /* OnePlaceTaskSyncCoordinator.swift in Sources */,
				5F8A9B6D2B2C8A4E00A1A1A1 /* OnePlaceApp.swift in Sources */,
				5F8A9B6F2B2C8A4E00A1A1A1 /* FinanceEntry.swift in Sources */,
				A1B2C3D40000000000000001 /* AppUser.swift in Sources */,
				0B2D74B42F40717A00B52D14 /* AddFinanceEntryView.swift in Sources */,
				0C5A1A252F4B200100AA0001 /* AppDataController.swift in Sources */,
				0B2D74BE2F408BA300B52D14 /* FinanceTypeBadge.swift in Sources */,
				0C5A1A272F4B200100AA0001 /* AppSchema.swift in Sources */,
				0B2D74B62F4073AB00B52D14 /* FinanceEntryDraft.swift in Sources */,
				5F8A9B712B2C8A4E00A1A1A1 /* TaskItem.swift in Sources */,
				5F8A9B732B2C8A4E00A1A1A1 /* SplitModels.swift in Sources */,
				5F8A9B752B2C8A4E00A1A1A1 /* CommsCard.swift in Sources */,
				0BF9F97A2F383B3900E14DC7 /* SettingsView 2.swift in Sources */,
				0BF9F9842F38664500E14DC7 /* AudioPlayerManager.swift in Sources */,
				0BF9F97E2F383BA400E14DC7 /* AppCard.swift in Sources */,
				5F8A9B772B2C8A4E00A1A1A1 /* FlowItem.swift in Sources */,
				5F8A9B792B2C8A4E00A1A1A1 /* SampleData.swift in Sources */,
				0B2D74BC2F408B8A00B52D14 /* DesignSystem.swift in Sources */,
				5F8A9B7B2B2C8A4E00A1A1A1 /* AudioRecorder.swift in Sources */,
				5F8A9B7D2B2C8A4E00A1A1A1 /* ImagePicker.swift in Sources */,
				5F8A9B7F2B2C8A4E00A1A1A1 /* RootTabView.swift in Sources */,
				5F8A9B812B2C8A4E00A1A1A1 /* FinanceView.swift in Sources */,
				5F8A9B832B2C8A4E00A1A1A1 /* FlowView.swift in Sources */,
				5F8A9B852B2C8A4E00A1A1A1 /* OrganizerView.swift in Sources */,
				0BF9F9862F38666C00E14DC7 /* StatCard.swift in Sources */,
				0BF9F9822F38583F00E14DC7 /* FinanceCategory.swift in Sources */,
				A1B2C3D40000000000000003 /* AuthManager.swift in Sources */,
				A1B2C3D40000000000000005 /* LoginView.swift in Sources */,
				CC0001AA2F5C100100LOGO01 /* OnePlaceLogo.swift in Sources */,
				B1C2D3E40000000000000011 /* ClaudeAIService.swift in Sources */,
				B1C2D3E40000000000000012 /* ClaudeAIChatResponder.swift in Sources */,
				D4E5F6002F6A000100AI0001 /* OnePlaceAICommandExecutor.swift in Sources */,
				5F8A9B872B2C8A4E00A1A1A1 /* SplitView.swift in Sources */,
				0BF9F97C2F383B6400E14DC7 /* EmptyState.swift in Sources */,
				5F8A9B892B2C8A4E00A1A1A1 /* CommsView.swift in Sources */,
				5F8A9B8B2B2C8A4E00A1A1A1 /* HelpView.swift in Sources */,
			);
			runOnlyForDeploymentPostprocessing = 0;
		};
		E10003012F70000100000001 /* Sources */ = {
			isa = PBXSourcesBuildPhase;
			buildActionMask = 2147483647;
			files = (
				E10000112F70000100000011 /* OnePlaceActivityAttributes.swift in Sources */,
				E10000122F70000100000012 /* OnePlaceTaskCache.swift in Sources */,
				E10000132F70000100000013 /* ToggleOnePlaceTaskIntent.swift in Sources */,
				E10000142F70000100000014 /* OnePlaceWidgetBundle.swift in Sources */,
				E10000152F70000100000015 /* OnePlaceLiveActivity.swift in Sources */,
			);
			runOnlyForDeploymentPostprocessing = 0;
		};
/* End PBXSourcesBuildPhase section */

/* Begin PBXTargetDependency section */
		E10005012F70000100000001 /* PBXTargetDependency */ = {
			isa = PBXTargetDependency;
			target = E10004012F70000100000001 /* OnePlaceWidget */;
			targetProxy = E10005022F70000100000002 /* PBXContainerItemProxy */;
		};
/* End PBXTargetDependency section */

/* Begin XCBuildConfiguration section */
		5F8A9B982B2C8A4E00A1A1A1 /* Debug */ = {
			isa = XCBuildConfiguration;
			baseConfigurationReference = C0A1B2C32F50000100AA0001 /* OnePlace.xcconfig */;
			buildSettings = {
				ASSETCATALOG_COMPILER_APPICON_NAME = AppIcon;
				ASSETCATALOG_COMPILER_INCLUDE_ALL_APPICON_ASSETS = YES;
				CLANG_ENABLE_OBJC_WEAK = YES;
				CODE_SIGN_ENTITLEMENTS = OnePlace/OnePlace.entitlements;
				CODE_SIGN_STYLE = Automatic;
				CURRENT_PROJECT_VERSION = 1;
				DEAD_CODE_STRIPPING = YES;
				GENERATE_INFOPLIST_FILE = NO;
				INFOPLIST_FILE = OnePlace/Info.plist;
				INFOPLIST_KEY_LSApplicationCategoryType = "public.app-category.utilities";
				IPHONEOS_DEPLOYMENT_TARGET = 17.0;
				LD_RUNPATH_SEARCH_PATHS = (
					"$(inherited)",
					"@executable_path/Frameworks",
				);
				MARKETING_VERSION = 6.0;
				PRODUCT_BUNDLE_IDENTIFIER = "com.one-place.app";
				PRODUCT_NAME = "$(TARGET_NAME)";
				SUPPORTED_PLATFORMS = "iphonesimulator iphoneos";
				SWIFT_VERSION = 5.0;
				TARGETED_DEVICE_FAMILY = 1;
			};
			name = Debug;
		};
		5F8A9B992B2C8A4E00A1A1A1 /* Release */ = {
			isa = XCBuildConfiguration;
			baseConfigurationReference = C0A1B2C32F50000100AA0001 /* OnePlace.xcconfig */;
			buildSettings = {
				ASSETCATALOG_COMPILER_APPICON_NAME = AppIcon;
				ASSETCATALOG_COMPILER_INCLUDE_ALL_APPICON_ASSETS = YES;
				CLANG_ENABLE_OBJC_WEAK = YES;
				CODE_SIGN_ENTITLEMENTS = OnePlace/OnePlace.entitlements;
				CODE_SIGN_STYLE = Automatic;
				CURRENT_PROJECT_VERSION = 1;
				DEAD_CODE_STRIPPING = YES;
				GENERATE_INFOPLIST_FILE = NO;
				INFOPLIST_FILE = OnePlace/Info.plist;
				INFOPLIST_KEY_LSApplicationCategoryType = "public.app-category.utilities";
				IPHONEOS_DEPLOYMENT_TARGET = 17.0;
				LD_RUNPATH_SEARCH_PATHS = (
					"$(inherited)",
					"@executable_path/Frameworks",
				);
				MARKETING_VERSION = 6.0;
				PRODUCT_BUNDLE_IDENTIFIER = "com.one-place.app";
				PRODUCT_NAME = "$(TARGET_NAME)";
				SUPPORTED_PLATFORMS = "iphonesimulator iphoneos";
				SWIFT_VERSION = 5.0;
				TARGETED_DEVICE_FAMILY = 1;
			};
			name = Release;
		};
		5F8A9B9B2B2C8A4E00A1A1A1 /* Debug */ = {
			isa = XCBuildConfiguration;
			buildSettings = {
				ALWAYS_SEARCH_USER_PATHS = NO;
				CLANG_WARN_BLOCK_CAPTURE_AUTORELEASING = YES;
				CLANG_WARN_BOOL_CONVERSION = YES;
				CLANG_WARN_COMMA = YES;
				CLANG_WARN_CONSTANT_CONVERSION = YES;
				CLANG_WARN_DEPRECATED_OBJC_IMPLEMENTATIONS = YES;
				CLANG_WARN_EMPTY_BODY = YES;
				CLANG_WARN_ENUM_CONVERSION = YES;
				CLANG_WARN_INFINITE_RECURSION = YES;
				CLANG_WARN_INT_CONVERSION = YES;
				CLANG_WARN_NON_LITERAL_NULL_CONVERSION = YES;
				CLANG_WARN_OBJC_IMPLICIT_RETAIN_SELF = YES;
				CLANG_WARN_OBJC_LITERAL_CONVERSION = YES;
				CLANG_WARN_QUOTED_INCLUDE_IN_FRAMEWORK_HEADER = YES;
				CLANG_WARN_RANGE_LOOP_ANALYSIS = YES;
				CLANG_WARN_STRICT_PROTOTYPES = YES;
				CLANG_WARN_SUSPICIOUS_MOVE = YES;
				CLANG_WARN_UNREACHABLE_CODE = YES;
				CLANG_WARN__DUPLICATE_METHOD_MATCH = YES;
				CODE_SIGN_STYLE = Automatic;
				DEAD_CODE_STRIPPING = YES;
				DEVELOPMENT_TEAM = XA5BVJ88VD;
				ENABLE_STRICT_OBJC_MSGSEND = YES;
				ENABLE_TESTABILITY = YES;
				ENABLE_USER_SCRIPT_SANDBOXING = YES;
				GCC_NO_COMMON_BLOCKS = YES;
				GCC_WARN_64_TO_32_BIT_CONVERSION = YES;
				GCC_WARN_ABOUT_RETURN_TYPE = YES;
				GCC_WARN_UNDECLARED_SELECTOR = YES;
				GCC_WARN_UNINITIALIZED_AUTOS = YES;
				GCC_WARN_UNUSED_FUNCTION = YES;
				GCC_WARN_UNUSED_VARIABLE = YES;
				ONLY_ACTIVE_ARCH = YES;
				PRODUCT_NAME = "$(TARGET_NAME)";
				STRING_CATALOG_GENERATE_SYMBOLS = YES;
				SUPPORTED_PLATFORMS = "iphonesimulator iphoneos";
				SWIFT_VERSION = 5.0;
			};
			name = Debug;
		};
		5F8A9B9C2B2C8A4E00A1A1A1 /* Release */ = {
			isa = XCBuildConfiguration;
			buildSettings = {
				ALWAYS_SEARCH_USER_PATHS = NO;
				CLANG_WARN_BLOCK_CAPTURE_AUTORELEASING = YES;
				CLANG_WARN_BOOL_CONVERSION = YES;
				CLANG_WARN_COMMA = YES;
				CLANG_WARN_CONSTANT_CONVERSION = YES;
				CLANG_WARN_DEPRECATED_OBJC_IMPLEMENTATIONS = YES;
				CLANG_WARN_EMPTY_BODY = YES;
				CLANG_WARN_ENUM_CONVERSION = YES;
				CLANG_WARN_INFINITE_RECURSION = YES;
				CLANG_WARN_INT_CONVERSION = YES;
				CLANG_WARN_NON_LITERAL_NULL_CONVERSION = YES;
				CLANG_WARN_OBJC_IMPLICIT_RETAIN_SELF = YES;
				CLANG_WARN_OBJC_LITERAL_CONVERSION = YES;
				CLANG_WARN_QUOTED_INCLUDE_IN_FRAMEWORK_HEADER = YES;
				CLANG_WARN_RANGE_LOOP_ANALYSIS = YES;
				CLANG_WARN_STRICT_PROTOTYPES = YES;
				CLANG_WARN_SUSPICIOUS_MOVE = YES;
				CLANG_WARN_UNREACHABLE_CODE = YES;
				CLANG_WARN__DUPLICATE_METHOD_MATCH = YES;
				CODE_SIGN_STYLE = Automatic;
				DEAD_CODE_STRIPPING = YES;
				DEVELOPMENT_TEAM = XA5BVJ88VD;
				ENABLE_STRICT_OBJC_MSGSEND = YES;
				ENABLE_USER_SCRIPT_SANDBOXING = YES;
				GCC_NO_COMMON_BLOCKS = YES;
				GCC_WARN_64_TO_32_BIT_CONVERSION = YES;
				GCC_WARN_ABOUT_RETURN_TYPE = YES;
				GCC_WARN_UNDECLARED_SELECTOR = YES;
				GCC_WARN_UNINITIALIZED_AUTOS = YES;
				GCC_WARN_UNUSED_FUNCTION = YES;
				GCC_WARN_UNUSED_VARIABLE = YES;
				PRODUCT_NAME = "$(TARGET_NAME)";
				STRING_CATALOG_GENERATE_SYMBOLS = YES;
				SUPPORTED_PLATFORMS = "iphonesimulator iphoneos";
				SWIFT_COMPILATION_MODE = wholemodule;
				SWIFT_VERSION = 5.0;
			};
			name = Release;
		};
		E10006012F70000100000001 /* Debug */ = {
			isa = XCBuildConfiguration;
			buildSettings = {
				APPLICATION_EXTENSION_API_ONLY = YES;
				CLANG_ENABLE_OBJC_WEAK = YES;
				CODE_SIGN_ENTITLEMENTS = OnePlaceWidget/Resources/OnePlaceWidget.entitlements;
				CODE_SIGN_STYLE = Automatic;
				CURRENT_PROJECT_VERSION = 4;
				DEAD_CODE_STRIPPING = YES;
				GENERATE_INFOPLIST_FILE = NO;
				INFOPLIST_FILE = OnePlaceWidget/Resources/Info.plist;
				IPHONEOS_DEPLOYMENT_TARGET = 17.0;
				LD_RUNPATH_SEARCH_PATHS = (
					"$(inherited)",
					"@executable_path/Frameworks",
					"@executable_path/../../Frameworks",
				);
				MARKETING_VERSION = 5.0;
				PRODUCT_BUNDLE_IDENTIFIER = "com.one-place.app.widget";
				PRODUCT_NAME = "$(TARGET_NAME)";
				SKIP_INSTALL = YES;
				SUPPORTED_PLATFORMS = "iphonesimulator iphoneos";
				SWIFT_VERSION = 5.0;
				TARGETED_DEVICE_FAMILY = 1;
			};
			name = Debug;
		};
		E10006022F70000100000002 /* Release */ = {
			isa = XCBuildConfiguration;
			buildSettings = {
				APPLICATION_EXTENSION_API_ONLY = YES;
				CLANG_ENABLE_OBJC_WEAK = YES;
				CODE_SIGN_ENTITLEMENTS = OnePlaceWidget/Resources/OnePlaceWidget.entitlements;
				CODE_SIGN_STYLE = Automatic;
				CURRENT_PROJECT_VERSION = 4;
				DEAD_CODE_STRIPPING = YES;
				GENERATE_INFOPLIST_FILE = NO;
				INFOPLIST_FILE = OnePlaceWidget/Resources/Info.plist;
				IPHONEOS_DEPLOYMENT_TARGET = 17.0;
				LD_RUNPATH_SEARCH_PATHS = (
					"$(inherited)",
					"@executable_path/Frameworks",
					"@executable_path/../../Frameworks",
				);
				MARKETING_VERSION = 5.0;
				PRODUCT_BUNDLE_IDENTIFIER = "com.one-place.app.widget";
				PRODUCT_NAME = "$(TARGET_NAME)";
				SKIP_INSTALL = YES;
				SUPPORTED_PLATFORMS = "iphonesimulator iphoneos";
				SWIFT_VERSION = 5.0;
				TARGETED_DEVICE_FAMILY = 1;
			};
			name = Release;
		};
/* End XCBuildConfiguration section */

/* Begin XCConfigurationList section */
		5F8A9B572B2C8A4E00A1A1A1 /* Build configuration list for PBXProject "OnePlace" */ = {
			isa = XCConfigurationList;
			buildConfigurations = (
				5F8A9B9B2B2C8A4E00A1A1A1 /* Debug */,
				5F8A9B9C2B2C8A4E00A1A1A1 /* Release */,
			);
			defaultConfigurationIsVisible = 0;
			defaultConfigurationName = Release;
		};
		5F8A9B9A2B2C8A4E00A1A1A1 /* Build configuration list for PBXNativeTarget "OnePlace" */ = {
			isa = XCConfigurationList;
			buildConfigurations = (
				5F8A9B982B2C8A4E00A1A1A1 /* Debug */,
				5F8A9B992B2C8A4E00A1A1A1 /* Release */,
			);
			defaultConfigurationIsVisible = 0;
			defaultConfigurationName = Release;
		};
		E10006032F70000100000003 /* Build configuration list for PBXNativeTarget "OnePlaceWidget" */ = {
			isa = XCConfigurationList;
			buildConfigurations = (
				E10006012F70000100000001 /* Debug */,
				E10006022F70000100000002 /* Release */,
			);
			defaultConfigurationIsVisible = 0;
			defaultConfigurationName = Release;
		};
/* End XCConfigurationList section */

/* Begin XCRemoteSwiftPackageReference section */
		0B2D74A12F4033CD00B52D14 /* XCRemoteSwiftPackageReference "firebase-ios-sdk" */ = {
			isa = XCRemoteSwiftPackageReference;
			repositoryURL = "https://github.com/firebase/firebase-ios-sdk";
			requirement = {
				kind = upToNextMajorVersion;
				minimumVersion = 12.9.0;
			};
		};
		0B2D74A62F40362200B52D14 /* XCRemoteSwiftPackageReference "GoogleSignIn-iOS" */ = {
			isa = XCRemoteSwiftPackageReference;
			repositoryURL = "https://github.com/google/GoogleSignIn-iOS";
			requirement = {
				kind = upToNextMajorVersion;
				minimumVersion = 9.1.0;
			};
		};
		0B4379B32F40252B00A95976 /* XCRemoteSwiftPackageReference "firebase-ios-sdk" */ = {
			isa = XCRemoteSwiftPackageReference;
			repositoryURL = "https://github.com/firebase/firebase-ios-sdk";
			requirement = {
				kind = upToNextMajorVersion;
				minimumVersion = 12.9.0;
			};
		};
/* End XCRemoteSwiftPackageReference section */

/* Begin XCSwiftPackageProductDependency section */
		0B2D74A22F4033CD00B52D14 /* FirebaseAuth */ = {
			isa = XCSwiftPackageProductDependency;
			package = 0B2D74A12F4033CD00B52D14 /* XCRemoteSwiftPackageReference "firebase-ios-sdk" */;
			productName = FirebaseAuth;
		};
		0B2D74A42F4033CD00B52D14 /* FirebaseFirestore */ = {
			isa = XCSwiftPackageProductDependency;
			package = 0B2D74A12F4033CD00B52D14 /* XCRemoteSwiftPackageReference "firebase-ios-sdk" */;
			productName = FirebaseFirestore;
		};
		0B2D74A72F40362200B52D14 /* GoogleSignIn */ = {
			isa = XCSwiftPackageProductDependency;
			package = 0B2D74A62F40362200B52D14 /* XCRemoteSwiftPackageReference "GoogleSignIn-iOS" */;
			productName = GoogleSignIn;
		};
		0B2D74A92F40362200B52D14 /* GoogleSignInSwift */ = {
			isa = XCSwiftPackageProductDependency;
			package = 0B2D74A62F40362200B52D14 /* XCRemoteSwiftPackageReference "GoogleSignIn-iOS" */;
			productName = GoogleSignInSwift;
		};
		0B4379B42F40252B00A95976 /* FirebaseAuth */ = {
			isa = XCSwiftPackageProductDependency;
			package = 0B4379B32F40252B00A95976 /* XCRemoteSwiftPackageReference "firebase-ios-sdk" */;
			productName = FirebaseAuth;
		};
/* End XCSwiftPackageProductDependency section */
	};
	rootObject = 5F8A9B542B2C8A4E00A1A1A1 /* Project object */;
}
